
Microsoft Visual Studio Solution File, Format Version 12.00
# Visual Studio Version 17
VisualStudioVersion = 17.13.35931.197
MinimumVisualStudioVersion = 10.0.40219.1
Project("{FAE04EC0-301F-11D3-BF4B-00C04F79EFBC}") = "TaskManager.Domain", "src\TaskManager.Domain\TaskManager.Domain.csproj", "{A7918E09-A1B6-4310-B482-03DF54E22C49}"
EndProject
Project("{FAE04EC0-301F-11D3-BF4B-00C04F79EFBC}") = "TaskManager.Api", "src\TaskManager.Api\TaskManager.Api.csproj", "{F88ACD90-DF91-2ADB-EA75-FBB6CEA6721F}"
EndProject
Project("{FAE04EC0-301F-11D3-BF4B-00C04F79EFBC}") = "TaskManager.Application", "src\TaskManager.Application\TaskManager.Application.csproj", "{21CCE5DE-54C0-4624-97CF-1E7D211F9CC2}"
EndProject
Project("{FAE04EC0-301F-11D3-BF4B-00C04F79EFBC}") = "TaskManager.Persistence", "src\TaskManager.Persistence\TaskManager.Persistence.csproj", "{265A0A11-AA92-4854-806D-F5E2960A6EC3}"
EndProject
Project("{FAE04EC0-301F-11D3-BF4B-00C04F79EFBC}") = "TaskManager.Infrastructure", "src\TaskManager.Infrastructure\TaskManager.Infrastructure.csproj", "{6CE3F8E7-80FC-4AE6-BC19-3D22D1B6C53F}"
EndProject
Project("{2150E333-8FDC-42A3-9474-1A3956D46DE8}") = "Solution Items", "Solution Items", "{8EC462FD-D22E-90A8-E5CE-7E832BA40C5D}"
	ProjectSection(SolutionItems) = preProject
		docker-compose.yml = docker-compose.yml
	EndProjectSection
EndProject
Project("{FAE04EC0-301F-11D3-BF4B-00C04F79EFBC}") = "TaskManager.Core", "src\TaskManager.Core\TaskManager.Core.csproj", "{613B262A-8049-45F9-9C91-197315182898}"
EndProject
Global
	GlobalSection(SolutionConfigurationPlatforms) = preSolution
		Debug|Any CPU = Debug|Any CPU
		Release|Any CPU = Release|Any CPU
	EndGlobalSection
	GlobalSection(ProjectConfigurationPlatforms) = postSolution
		{A7918E09-A1B6-4310-B482-03DF54E22C49}.Debug|Any CPU.ActiveCfg = Debug|Any CPU
		{A7918E09-A1B6-4310-B482-03DF54E22C49}.Debug|Any CPU.Build.0 = Debug|Any CPU
		{A7918E09-A1B6-4310-B482-03DF54E22C49}.Release|Any CPU.ActiveCfg = Release|Any CPU
		{A7918E09-A1B6-4310-B482-03DF54E22C49}.Release|Any CPU.Build.0 = Release|Any CPU
		{F88ACD90-DF91-2ADB-EA75-FBB6CEA6721F}.Debug|Any CPU.ActiveCfg = Debug|Any CPU
		{F88ACD90-DF91-2ADB-EA75-FBB6CEA6721F}.Debug|Any CPU.Build.0 = Debug|Any CPU
		{F88ACD90-DF91-2ADB-EA75-FBB6CEA6721F}.Release|Any CPU.ActiveCfg = Release|Any CPU
		{F88ACD90-DF91-2ADB-EA75-FBB6CEA6721F}.Release|Any CPU.Build.0 = Release|Any CPU
		{21CCE5DE-54C0-4624-97CF-1E7D211F9CC2}.Debug|Any CPU.ActiveCfg = Debug|Any CPU
		{21CCE5DE-54C0-4624-97CF-1E7D211F9CC2}.Debug|Any CPU.Build.0 = Debug|Any CPU
		{21CCE5DE-54C0-4624-97CF-1E7D211F9CC2}.Release|Any CPU.ActiveCfg = Release|Any CPU
		{21CCE5DE-54C0-4624-97CF-1E7D211F9CC2}.Release|Any CPU.Build.0 = Release|Any CPU
		{265A0A11-AA92-4854-806D-F5E2960A6EC3}.Debug|Any CPU.ActiveCfg = Debug|Any CPU
		{265A0A11-AA92-4854-806D-F5E2960A6EC3}.Debug|Any CPU.Build.0 = Debug|Any CPU
		{265A0A11-AA92-4854-806D-F5E2960A6EC3}.Release|Any CPU.ActiveCfg = Release|Any CPU
		{265A0A11-AA92-4854-806D-F5E2960A6EC3}.Release|Any CPU.Build.0 = Release|Any CPU
		{6CE3F8E7-80FC-4AE6-BC19-3D22D1B6C53F}.Debug|Any CPU.ActiveCfg = Debug|Any CPU
		{6CE3F8E7-80FC-4AE6-BC19-3D22D1B6C53F}.Debug|Any CPU.Build.0 = Debug|Any CPU
		{6CE3F8E7-80FC-4AE6-BC19-3D22D1B6C53F}.Release|Any CPU.ActiveCfg = Release|Any CPU
		{6CE3F8E7-80FC-4AE6-BC19-3D22D1B6C53F}.Release|Any CPU.Build.0 = Release|Any CPU
		{613B262A-8049-45F9-9C91-197315182898}.Debug|Any CPU.ActiveCfg = Debug|Any CPU
		{613B262A-8049-45F9-9C91-197315182898}.Debug|Any CPU.Build.0 = Debug|Any CPU
		{613B262A-8049-45F9-9C91-197315182898}.Release|Any CPU.ActiveCfg = Release|Any CPU
		{613B262A-8049-45F9-9C91-197315182898}.Release|Any CPU.Build.0 = Release|Any CPU
	EndGlobalSection
	GlobalSection(SolutionProperties) = preSolution
		HideSolutionNode = FALSE
	EndGlobalSection
	GlobalSection(ExtensibilityGlobals) = postSolution
		SolutionGuid = {00696518-CB49-4064-AD40-ED961A8FC1BC}
	EndGlobalSection
EndGlobal
